{
  "version": "5",
  "redirects": {
    "https://esm.sh/@msgpack/msgpack@^3.1.2?target=denonext": "https://esm.sh/@msgpack/msgpack@3.1.2?target=denonext",
    "https://esm.sh/@nktkas/hyperliquid@latest": "https://esm.sh/@nktkas/hyperliquid@0.25.8",
    "https://esm.sh/@nktkas/hyperliquid@latest/utils": "https://esm.sh/@nktkas/hyperliquid@0.25.8/utils",
    "https://esm.sh/@noble/hashes@^2.0.1/sha3?target=denonext": "https://esm.sh/@noble/hashes@2.0.1/sha3?target=denonext",
    "https://esm.sh/@noble/hashes@^2.0.1/utils?target=denonext": "https://esm.sh/@noble/hashes@2.0.1/utils?target=denonext",
    "https://esm.sh/@noble/secp256k1@^3.0.0?target=denonext": "https://esm.sh/@noble/secp256k1@3.0.0?target=denonext"
  },
  "remote": {
    "https://esm.sh/@henrygd/semaphore@0.1.0/denonext/semaphore.mjs": "873e9a1f826f48a56b36154be8ae06af8ab7eadbc580ac5bc7e138a150e9033b",
    "https://esm.sh/@msgpack/msgpack@3.1.2/denonext/msgpack.mjs": "7421cc09193d3e3775b083b97fd0098db92fc2f70abf507d6501eace2abc5047",
    "https://esm.sh/@msgpack/msgpack@3.1.2?target=denonext": "f1107944f42df44c58eb123a9d0af9d8b07789b38deb3a570714f924326cca5e",
    "https://esm.sh/@nktkas/hyperliquid@0.25.8": "cd57a6ae2e2b6a29163d53034d122dc28d23cc910526d0767edda6bd0c265be7",
    "https://esm.sh/@nktkas/hyperliquid@0.25.8/denonext/esm/src/_base.mjs": "259cd57a5ff262fbf952ea1f732da20cde0d2b94e4db9fb5acda1fc8f2375abe",
    "https://esm.sh/@nktkas/hyperliquid@0.25.8/denonext/esm/src/api/_base.mjs": "1467f64da407d56553943c6f2e8ca4d3ec430f81fcc5444ae6462b3aadb99214",
    "https://esm.sh/@nktkas/hyperliquid@0.25.8/denonext/esm/src/api/_common_schemas.mjs": "91f20756dfcbe0b649206c262657f84e9631e8ecbd7732bc025d028f45527465",
    "https://esm.sh/@nktkas/hyperliquid@0.25.8/denonext/esm/src/api/exchange/_base/mod.mjs": "4ad62ab5da4c0895d484c5c40ff0ffdef4735a54440b5ec2f41edd19464b70c2",
    "https://esm.sh/@nktkas/hyperliquid@0.25.8/denonext/esm/src/api/exchange/agentEnableDexAbstraction.mjs": "ccd248f1db5f9b8a498e05320b8b53034830d305a0e1f03b570f354429d8cd16",
    "https://esm.sh/@nktkas/hyperliquid@0.25.8/denonext/esm/src/api/exchange/approveAgent.mjs": "276696c2d8c07af974dffe356090ac52c4c9c7e475e55a4dfb1a4c1c2a9f7543",
    "https://esm.sh/@nktkas/hyperliquid@0.25.8/denonext/esm/src/api/exchange/approveBuilderFee.mjs": "b7c39a3cdd42035d1652a041febc158a7aa84d8f8e96801dd29df718683c53aa",
    "https://esm.sh/@nktkas/hyperliquid@0.25.8/denonext/esm/src/api/exchange/batchModify.mjs": "1500ed36fd37bb6c010e30782270b79b72c85734f1cf86ba8dac7465021a055b",
    "https://esm.sh/@nktkas/hyperliquid@0.25.8/denonext/esm/src/api/exchange/cDeposit.mjs": "31d838eb75a056f42fb3e1323b41f2da02c56f7b1aa64c69fe85e468d3b97d14",
    "https://esm.sh/@nktkas/hyperliquid@0.25.8/denonext/esm/src/api/exchange/cSignerAction.mjs": "19ab3ff66f64257e4b9cfbad72dd2d580de652cf6ee36c4efd1874ef8e182e81",
    "https://esm.sh/@nktkas/hyperliquid@0.25.8/denonext/esm/src/api/exchange/cValidatorAction.mjs": "346dd975e1246186b81d88cd63a9827c580f430f4b49a1f5b976170136e7da35",
    "https://esm.sh/@nktkas/hyperliquid@0.25.8/denonext/esm/src/api/exchange/cWithdraw.mjs": "4e3521cd4cd1ca1cb36beeff4fa0f16bedc07f3917b1f7a0873ec0ac8176be10",
    "https://esm.sh/@nktkas/hyperliquid@0.25.8/denonext/esm/src/api/exchange/cancel.mjs": "ab8a301b4de9f2fdd5dd1651521f1afaa70dc5e542922f88ff2aa0c4dc390b3f",
    "https://esm.sh/@nktkas/hyperliquid@0.25.8/denonext/esm/src/api/exchange/cancelByCloid.mjs": "fe20b7e3a55b4533e6f1de18ca3db71f985d66e3a772e6271a497e9faf1896d9",
    "https://esm.sh/@nktkas/hyperliquid@0.25.8/denonext/esm/src/api/exchange/claimRewards.mjs": "8e5ab579252e6c071ff597a68d4f0cf8abea2e2908681761d858b5a333b95a43",
    "https://esm.sh/@nktkas/hyperliquid@0.25.8/denonext/esm/src/api/exchange/convertToMultiSigUser.mjs": "08ba2c13c6122867e813bc4bafd320f44fbe468286705a4cf964444afc060700",
    "https://esm.sh/@nktkas/hyperliquid@0.25.8/denonext/esm/src/api/exchange/createSubAccount.mjs": "e8df630c0ebc85ebd4f43ea6c1056db7572e0e6576645371104c77c39e4eb200",
    "https://esm.sh/@nktkas/hyperliquid@0.25.8/denonext/esm/src/api/exchange/createVault.mjs": "4a6dd11ef0611562dead3eb0d5eaf7b49fb4b3baac9c9463a3e63a47c6121bf0",
    "https://esm.sh/@nktkas/hyperliquid@0.25.8/denonext/esm/src/api/exchange/evmUserModify.mjs": "4c23ed619192d01f09e7c19039f06a562144633bdddab26aa04372da0387d676",
    "https://esm.sh/@nktkas/hyperliquid@0.25.8/denonext/esm/src/api/exchange/linkStakingUser.mjs": "efcff095a4a55c8d25032125cbfd8d55cbe16d1a6a1833f0e184a9e43f655823",
    "https://esm.sh/@nktkas/hyperliquid@0.25.8/denonext/esm/src/api/exchange/modify.mjs": "bd3c45cfde55b1e971f9651b8307354998038897c66ce02d540fc897ae2fbb72",
    "https://esm.sh/@nktkas/hyperliquid@0.25.8/denonext/esm/src/api/exchange/multiSig.mjs": "6e92aa4e9f7c9e42b02b20cc5445192812ceb352a34cd5e64f70eacf49daf31f",
    "https://esm.sh/@nktkas/hyperliquid@0.25.8/denonext/esm/src/api/exchange/noop.mjs": "f40643f33b3e47f3bcbaa941d8dcb0a880e623b732a4081849220e1651688103",
    "https://esm.sh/@nktkas/hyperliquid@0.25.8/denonext/esm/src/api/exchange/order.mjs": "78dd784c7b2a3a90a94c84b3b78cf40d4aa52206caca4888136baaffc60f702d",
    "https://esm.sh/@nktkas/hyperliquid@0.25.8/denonext/esm/src/api/exchange/perpDeploy.mjs": "fdecec8a9e0747e36063483b612abff2f82584742b82c3c2ec30db06e831dc71",
    "https://esm.sh/@nktkas/hyperliquid@0.25.8/denonext/esm/src/api/exchange/registerReferrer.mjs": "7ec1d134a206f73a49f1c6a0fc9dd1e2618a0d74f63fde84fe5555e1d0eb92ad",
    "https://esm.sh/@nktkas/hyperliquid@0.25.8/denonext/esm/src/api/exchange/reserveRequestWeight.mjs": "bd70cfce0196ea0f34b6b8f6a03dac0f2e3385ed14fb8e574f16faebf26d130c",
    "https://esm.sh/@nktkas/hyperliquid@0.25.8/denonext/esm/src/api/exchange/scheduleCancel.mjs": "e5af2b5c247b44b06ec4eec1492c5a09cd55e959e283b9872dedd17bd507bb00",
    "https://esm.sh/@nktkas/hyperliquid@0.25.8/denonext/esm/src/api/exchange/sendAsset.mjs": "7444d5bb2b16351bb00163a6b79f8b67c41c21bf9e6afb964c2329c91d0c35ac",
    "https://esm.sh/@nktkas/hyperliquid@0.25.8/denonext/esm/src/api/exchange/setDisplayName.mjs": "0fe5732e126a680e31a10e1582f151115b3ad5ef2c957f9e74d101d407902dc7",
    "https://esm.sh/@nktkas/hyperliquid@0.25.8/denonext/esm/src/api/exchange/setReferrer.mjs": "8077aa334174e1932af231ec7795d42a0593fa0cf50b2f5a5932ee4dc662d6e3",
    "https://esm.sh/@nktkas/hyperliquid@0.25.8/denonext/esm/src/api/exchange/spotDeploy.mjs": "4a43ae0e006a387e8c3a041f9346d753d8810525b48305262930b7e95a3b6e8e",
    "https://esm.sh/@nktkas/hyperliquid@0.25.8/denonext/esm/src/api/exchange/spotSend.mjs": "dbf57d4f02c4a16a78ce8d8a1b1da5a8333e89ae62237056cc7ff47c90ded179",
    "https://esm.sh/@nktkas/hyperliquid@0.25.8/denonext/esm/src/api/exchange/spotUser.mjs": "76a65274bc6d81d32f149c880413d16403352dc83a5cda0a93052460c327a562",
    "https://esm.sh/@nktkas/hyperliquid@0.25.8/denonext/esm/src/api/exchange/subAccountModify.mjs": "5b4f82f01e32de25ebae54a282ff211d1bf9364b282e038a55f56497a4e42a3d",
    "https://esm.sh/@nktkas/hyperliquid@0.25.8/denonext/esm/src/api/exchange/subAccountSpotTransfer.mjs": "b745f15037a94c6d7a8440a07642eb593fde51abb62290948b641613c9efdea3",
    "https://esm.sh/@nktkas/hyperliquid@0.25.8/denonext/esm/src/api/exchange/subAccountTransfer.mjs": "52d293d24d741544df99a47da8082d22571a3146deea372df3c7bb046f619539",
    "https://esm.sh/@nktkas/hyperliquid@0.25.8/denonext/esm/src/api/exchange/tokenDelegate.mjs": "3ba899773fe67ff1f8e94ce427da23b6fd9d051c706f4861833687223e72b2f2",
    "https://esm.sh/@nktkas/hyperliquid@0.25.8/denonext/esm/src/api/exchange/twapCancel.mjs": "fa2f693ad94b2d221d96c3e0105ebd990d0a824122b60d6f73d1817e7de44f7e",
    "https://esm.sh/@nktkas/hyperliquid@0.25.8/denonext/esm/src/api/exchange/twapOrder.mjs": "e4ad746e9056b22d516ff0b775f96401239a0fc38a064ac724881771949371b4",
    "https://esm.sh/@nktkas/hyperliquid@0.25.8/denonext/esm/src/api/exchange/updateIsolatedMargin.mjs": "0a8c1139c43efad6e2d91dbd51cf2149019c6523825323b7ba12b0c1a0942840",
    "https://esm.sh/@nktkas/hyperliquid@0.25.8/denonext/esm/src/api/exchange/updateLeverage.mjs": "b1f8bd7f9455c5ee820616982fbeba83a5ad3ed8f0fb4e7ef62ebd165de6fade",
    "https://esm.sh/@nktkas/hyperliquid@0.25.8/denonext/esm/src/api/exchange/usdClassTransfer.mjs": "34cea17b754ee21cbc4d9e0ae9ac70e95e6364101d5daf6227cb3c981577f6f3",
    "https://esm.sh/@nktkas/hyperliquid@0.25.8/denonext/esm/src/api/exchange/usdSend.mjs": "c241df8815d575c9c29ecc5cc3f418e8e818c5d2b51067e9459b5bd59001b886",
    "https://esm.sh/@nktkas/hyperliquid@0.25.8/denonext/esm/src/api/exchange/userDexAbstraction.mjs": "98872d712fb1268e68ccf499a49663dd78c095a48c458d2adc4df03f7eff2fc6",
    "https://esm.sh/@nktkas/hyperliquid@0.25.8/denonext/esm/src/api/exchange/vaultDistribute.mjs": "f4a3d7209ea11bc42e34c18178632d50d64b0c55b607c5b6a26feb4e158845bb",
    "https://esm.sh/@nktkas/hyperliquid@0.25.8/denonext/esm/src/api/exchange/vaultModify.mjs": "83d8ae7a0f87dd8bcd03d9ea8a84364c7e3dfc6497ca20771d02b3c9e431ba25",
    "https://esm.sh/@nktkas/hyperliquid@0.25.8/denonext/esm/src/api/exchange/vaultTransfer.mjs": "3de1e0b2e54fc5a7469c527886ff52047f0be360ac3e416af001062e61b53f75",
    "https://esm.sh/@nktkas/hyperliquid@0.25.8/denonext/esm/src/api/exchange/withdraw3.mjs": "2e30c61468223169090e7e053c1795d3387ac3ac89c541ebe796fabd7387d7a2",
    "https://esm.sh/@nktkas/hyperliquid@0.25.8/denonext/esm/src/api/info/activeAssetData.mjs": "9c41085591901798b954568e7f347acfa3f180bfcfd35a50cda2212c55a934be",
    "https://esm.sh/@nktkas/hyperliquid@0.25.8/denonext/esm/src/api/info/alignedQuoteTokenInfo.mjs": "880087d663410fe4a7c5b2531cb69f1a188d102707e4ddff6ac1ddd08893f4dd",
    "https://esm.sh/@nktkas/hyperliquid@0.25.8/denonext/esm/src/api/info/allMids.mjs": "9590a18f9a2171c6eeead8b5f5a24476c8ccf15210cb69a4642071d228642103",
    "https://esm.sh/@nktkas/hyperliquid@0.25.8/denonext/esm/src/api/info/allPerpMetas.mjs": "2a3000bc2c93e6776ad5739fe51937643e56e00413d31a71d87388d935eb5b01",
    "https://esm.sh/@nktkas/hyperliquid@0.25.8/denonext/esm/src/api/info/blockDetails.mjs": "1a1f4b940c97f7c9074ebdc9173111066b1b6d7247c5ff09e2d7af6241152f25",
    "https://esm.sh/@nktkas/hyperliquid@0.25.8/denonext/esm/src/api/info/candleSnapshot.mjs": "51843e95f2db154d8779f3964f53a44054fa39dec5f29747e4149cea5ff0d380",
    "https://esm.sh/@nktkas/hyperliquid@0.25.8/denonext/esm/src/api/info/clearinghouseState.mjs": "58bd77ad5ae428203a4a8a7d083fd09c9794367ac1009bb0eba60c9664e7c3dc",
    "https://esm.sh/@nktkas/hyperliquid@0.25.8/denonext/esm/src/api/info/delegations.mjs": "8071b3e4b3093657fead2e166483471f6b74ce9741b4c2084b81e1d3bde907fa",
    "https://esm.sh/@nktkas/hyperliquid@0.25.8/denonext/esm/src/api/info/delegatorHistory.mjs": "8b38df9681e6831e34881ea461fe0832a0bde152f7ac8c7296a4529c032d6ecf",
    "https://esm.sh/@nktkas/hyperliquid@0.25.8/denonext/esm/src/api/info/delegatorRewards.mjs": "f09fdc3f0a6e4eafba3bb90e1e76dece77b64f76c95244178432cd31d3b784cf",
    "https://esm.sh/@nktkas/hyperliquid@0.25.8/denonext/esm/src/api/info/delegatorSummary.mjs": "2104bdd0110b93a7d5f4e7e6c4a203915b74e64f4dbb473f46f680940d77405e",
    "https://esm.sh/@nktkas/hyperliquid@0.25.8/denonext/esm/src/api/info/exchangeStatus.mjs": "d061ee9eca62bfefd3c6fe2b3e4c4b6abaa14f96a9ed807416e2e35b2d679401",
    "https://esm.sh/@nktkas/hyperliquid@0.25.8/denonext/esm/src/api/info/extraAgents.mjs": "6ba8f1ced75fc204f7786a42aab2f1a7845de86c9fda4218a9e9a0a1ef9010de",
    "https://esm.sh/@nktkas/hyperliquid@0.25.8/denonext/esm/src/api/info/frontendOpenOrders.mjs": "1b3f3b8b3bf955ed1ba0676f8abb118950a838474c06a6de1255330864a1f025",
    "https://esm.sh/@nktkas/hyperliquid@0.25.8/denonext/esm/src/api/info/fundingHistory.mjs": "716ad1fd3f0dd7e260e141a954cee9a94cac9e39fafddac1aee545a0c558ddd1",
    "https://esm.sh/@nktkas/hyperliquid@0.25.8/denonext/esm/src/api/info/gossipRootIps.mjs": "844207e69f06b24098eb2661583dcfd08a4cd1707ef6fd5ba70e1d8fe4bf4a75",
    "https://esm.sh/@nktkas/hyperliquid@0.25.8/denonext/esm/src/api/info/historicalOrders.mjs": "2cd0b4b48dc25d13ada58cc2f03b49f5e3e6b85d9de491e33400231eae5e4b48",
    "https://esm.sh/@nktkas/hyperliquid@0.25.8/denonext/esm/src/api/info/isVip.mjs": "44738504ca186f40a27f7902925aeb0034ca0b4f6175aa0604fb9d39ffcd4ad4",
    "https://esm.sh/@nktkas/hyperliquid@0.25.8/denonext/esm/src/api/info/l2Book.mjs": "3027cdf5f52e5f30afed0a325bd891ebbf7694150e179fe06267c89d75ddc778",
    "https://esm.sh/@nktkas/hyperliquid@0.25.8/denonext/esm/src/api/info/leadingVaults.mjs": "6f63653eacb98ec358a6d90e7ccc9f48be9de7388438d9dd4705d29d3545a6b4",
    "https://esm.sh/@nktkas/hyperliquid@0.25.8/denonext/esm/src/api/info/legalCheck.mjs": "f9124f794054faa823655a88f0d58a7d151754d14bd4af63c20915ed994b3100",
    "https://esm.sh/@nktkas/hyperliquid@0.25.8/denonext/esm/src/api/info/liquidatable.mjs": "57d4cc664e9cfb1c09f6af6b26baaa5a36a5268824b7ee4e10239b50d9dbb911",
    "https://esm.sh/@nktkas/hyperliquid@0.25.8/denonext/esm/src/api/info/marginTable.mjs": "cb248788c1c86a01f40b4830c0a37c1d0e27744cb01594e144a3bc070a78d9d1",
    "https://esm.sh/@nktkas/hyperliquid@0.25.8/denonext/esm/src/api/info/maxBuilderFee.mjs": "0b1a4405cd16bb2d5914f04e71546b33e31a0cd4f183e38c1f6751a40215c95b",
    "https://esm.sh/@nktkas/hyperliquid@0.25.8/denonext/esm/src/api/info/maxMarketOrderNtls.mjs": "341bb1e26be94b598ef977dc36b8c2db5e40f9263f91d6031bbe433550cf9432",
    "https://esm.sh/@nktkas/hyperliquid@0.25.8/denonext/esm/src/api/info/meta.mjs": "16040b0f5ab568edaecc3e642441c2df43c50fe7922608b189291b875f4166d1",
    "https://esm.sh/@nktkas/hyperliquid@0.25.8/denonext/esm/src/api/info/metaAndAssetCtxs.mjs": "6a9089a39cddee1b54807eb4bc37e3615b5587eb3010d04530c4c6aa7b0fa26d",
    "https://esm.sh/@nktkas/hyperliquid@0.25.8/denonext/esm/src/api/info/openOrders.mjs": "de00c1e0683b1a3c0ed9fc6652aa4a33039bafa4802252cb2ecbc72c85204a8b",
    "https://esm.sh/@nktkas/hyperliquid@0.25.8/denonext/esm/src/api/info/orderStatus.mjs": "72bf5531f31d54b159db41114e0b6d0b7f5ae31647313d6c9d57515d86d107a2",
    "https://esm.sh/@nktkas/hyperliquid@0.25.8/denonext/esm/src/api/info/perpDeployAuctionStatus.mjs": "7f070b5fa218fe29f267161a60c041df02d6e3171b14fcb3d7c1dd06778be7d6",
    "https://esm.sh/@nktkas/hyperliquid@0.25.8/denonext/esm/src/api/info/perpDexLimits.mjs": "74d24cb78164448fa94b1dd086b100ad96ca2a589614751ae1bdcccc41d0a1c8",
    "https://esm.sh/@nktkas/hyperliquid@0.25.8/denonext/esm/src/api/info/perpDexs.mjs": "a9e6833a87e3dbbeeb93995e7f5b66c6097e856407ee76cc6b2acf299a69bbd0",
    "https://esm.sh/@nktkas/hyperliquid@0.25.8/denonext/esm/src/api/info/perpsAtOpenInterestCap.mjs": "c677bb70119d69c6b2a9e55499f32f97049955ce833386b9df8418622f3e8481",
    "https://esm.sh/@nktkas/hyperliquid@0.25.8/denonext/esm/src/api/info/portfolio.mjs": "d3a24067e193e5dac363a1512dd4b2f5de5b581984b3b89b0ec9bb30c0f917b0",
    "https://esm.sh/@nktkas/hyperliquid@0.25.8/denonext/esm/src/api/info/preTransferCheck.mjs": "0a1a285e47e39ea4f8eef261cef8e644917ac6bb83d3cd8b5555b1c39384ec88",
    "https://esm.sh/@nktkas/hyperliquid@0.25.8/denonext/esm/src/api/info/predictedFundings.mjs": "59b53419ac4a6770b210015ce6d53e3a6f75cd82a6e00261f14ddd0118c2e225",
    "https://esm.sh/@nktkas/hyperliquid@0.25.8/denonext/esm/src/api/info/recentTrades.mjs": "2784bc1741b93c9ebecea3f0461bf2f4a72bdc37ba0071ecb06d17872210126f",
    "https://esm.sh/@nktkas/hyperliquid@0.25.8/denonext/esm/src/api/info/referral.mjs": "a5a9b824642a0e32f39d70ae4e5d554519c9aa30b9231a6032ff6b55055c04a7",
    "https://esm.sh/@nktkas/hyperliquid@0.25.8/denonext/esm/src/api/info/spotClearinghouseState.mjs": "a3d5aedd87119fe33d4ff611d4f6fa16dddcd9d498b1a0f85e1062d021d70718",
    "https://esm.sh/@nktkas/hyperliquid@0.25.8/denonext/esm/src/api/info/spotDeployState.mjs": "97986e88ae890c0cb5ee3109d6138ec73b7e47221ba27c7807fe83120eb2f457",
    "https://esm.sh/@nktkas/hyperliquid@0.25.8/denonext/esm/src/api/info/spotMeta.mjs": "9eae3117edfbbdc2b2e0387b22799376e2b53351f158e3d1e2584796b36e3659",
    "https://esm.sh/@nktkas/hyperliquid@0.25.8/denonext/esm/src/api/info/spotMetaAndAssetCtxs.mjs": "798b04408ed7988731bd6b2c2adca6934322bc5b881934eaabf24781485a634b",
    "https://esm.sh/@nktkas/hyperliquid@0.25.8/denonext/esm/src/api/info/spotPairDeployAuctionStatus.mjs": "0be98ad74caeddc7372731913fe5f18ec35909ab27b111fbde3892661124f98b",
    "https://esm.sh/@nktkas/hyperliquid@0.25.8/denonext/esm/src/api/info/subAccounts.mjs": "3fede33a2e478d3cbbe263e13441598b8c86b018feaffb398ecde38076d03bc8",
    "https://esm.sh/@nktkas/hyperliquid@0.25.8/denonext/esm/src/api/info/subAccounts2.mjs": "822d0b89d3e4eaf2167c38b9f6089188a981f694a192f5fe0016a13e760e048e",
    "https://esm.sh/@nktkas/hyperliquid@0.25.8/denonext/esm/src/api/info/tokenDetails.mjs": "2bd08b76f1f311d7ce24af2ce1ec9e2ee15ead946d7dab523449c5b8ee8c39f0",
    "https://esm.sh/@nktkas/hyperliquid@0.25.8/denonext/esm/src/api/info/twapHistory.mjs": "2b8ccfcc472df83e77b2d80329488c026ed499b8348771db357f3daebe9264ae",
    "https://esm.sh/@nktkas/hyperliquid@0.25.8/denonext/esm/src/api/info/txDetails.mjs": "acab7b49b98f8fab65465b38648f897f146744ae43089a049893d9271237fa1e",
    "https://esm.sh/@nktkas/hyperliquid@0.25.8/denonext/esm/src/api/info/userDetails.mjs": "9f19a27752fbb70f10166c69516d81de9d65d2acde3c7b8c5228e96969f6b91e",
    "https://esm.sh/@nktkas/hyperliquid@0.25.8/denonext/esm/src/api/info/userNonFundingLedgerUpdates.mjs": "7f2f1509e98c70ace2cb542b540c2ae354464f4aa420e5482d862e262445eee7",
    "https://esm.sh/@nktkas/hyperliquid@0.25.8/denonext/esm/src/api/subscription/activeAssetCtx.mjs": "6d22dbcfe81c99d37a59c04848e20ca2741001e81a0b806a495e98769762607b",
    "https://esm.sh/@nktkas/hyperliquid@0.25.8/denonext/esm/src/api/subscription/activeAssetData.mjs": "d3f0d26f47f37550d34667514329b3817fb4158317a8b5fe58cc21986f0eb238",
    "https://esm.sh/@nktkas/hyperliquid@0.25.8/denonext/esm/src/api/subscription/activeSpotAssetCtx.mjs": "f692eb996a60fc489af566ad96533f4c07a595f298d6e8c2aff18150a97d49e7",
    "https://esm.sh/@nktkas/hyperliquid@0.25.8/denonext/esm/src/api/subscription/allMids.mjs": "cdd7de6f5778fbd8cd47d24c68dd8dd417c6ea7650d980a0c7c2045d3dff6694",
    "https://esm.sh/@nktkas/hyperliquid@0.25.8/denonext/esm/src/api/subscription/assetCtxs.mjs": "3f23ca0eb92bb32f6d09507b462fe6c79f66c1d0816d652c4e9f034a96e7c594",
    "https://esm.sh/@nktkas/hyperliquid@0.25.8/denonext/esm/src/api/subscription/bbo.mjs": "8180814aad3e9db69fb054de8f5fec9b81679253a80c6cdcd19a1509ab249cd0",
    "https://esm.sh/@nktkas/hyperliquid@0.25.8/denonext/esm/src/api/subscription/candle.mjs": "931b8c26ff9f953a4afd1c490780929610e630b2062ec772fafd7f8af9921761",
    "https://esm.sh/@nktkas/hyperliquid@0.25.8/denonext/esm/src/api/subscription/clearinghouseState.mjs": "942a85c612caca6b3f9fb32374ecddd59904561b0d306508240ad50307957f6a",
    "https://esm.sh/@nktkas/hyperliquid@0.25.8/denonext/esm/src/api/subscription/explorerBlock.mjs": "4b694e45a5b9165e6d50eb3ab1d7d66a723d75d81f285c80284cf2dcc31967f6",
    "https://esm.sh/@nktkas/hyperliquid@0.25.8/denonext/esm/src/api/subscription/explorerTxs.mjs": "ac9710fb9b668632534b030e550b557fcf1defd99bdccb21387de297640d0eea",
    "https://esm.sh/@nktkas/hyperliquid@0.25.8/denonext/esm/src/api/subscription/l2Book.mjs": "045467423aa3db6d13cfac3dd824df43652938cf3ab82bfde0464e7330eda7a1",
    "https://esm.sh/@nktkas/hyperliquid@0.25.8/denonext/esm/src/api/subscription/notification.mjs": "97c849ba5ae95a5868f455c56ba7ed72dfbc40e0b96a69bde3dd363528991e9e",
    "https://esm.sh/@nktkas/hyperliquid@0.25.8/denonext/esm/src/api/subscription/openOrders.mjs": "0bb581689ba5cc6c33834d32db30c4c5c2db63aeb379649068b198d5c052791a",
    "https://esm.sh/@nktkas/hyperliquid@0.25.8/denonext/esm/src/api/subscription/orderUpdates.mjs": "afc5f3a65b37d8665608a485bcf9bb65a0a532061276de9cacbd2f96a25a59b8",
    "https://esm.sh/@nktkas/hyperliquid@0.25.8/denonext/esm/src/api/subscription/spotState.mjs": "8bfdde56e721bb797bd077dfae08836fa46cb3b18070a591a694f4e137a21cf0",
    "https://esm.sh/@nktkas/hyperliquid@0.25.8/denonext/esm/src/api/subscription/trades.mjs": "6ef2e023a1fbc04468a06f847fc4d29e66bd4c019be23e8dbe0d6d6eece02c5b",
    "https://esm.sh/@nktkas/hyperliquid@0.25.8/denonext/esm/src/api/subscription/userEvents.mjs": "4df292c02d54427c00a287d3a720771083748ccd8d45eb2c000aefb20bbcb41c",
    "https://esm.sh/@nktkas/hyperliquid@0.25.8/denonext/esm/src/api/subscription/userFills.mjs": "b4c5ff6ee13ad481e7cc0085af2ed0095dae1325373ef4eeabd33cfe8ffd90d9",
    "https://esm.sh/@nktkas/hyperliquid@0.25.8/denonext/esm/src/api/subscription/userFundings.mjs": "17446ea65d940da01d8e0adeaea38be469deef0393627f3f909e34819f7e2ade",
    "https://esm.sh/@nktkas/hyperliquid@0.25.8/denonext/esm/src/api/subscription/userHistoricalOrders.mjs": "ff86ab34e1696765fe63d501bc302b784199cf10360760432e4673af1727681f",
    "https://esm.sh/@nktkas/hyperliquid@0.25.8/denonext/esm/src/api/subscription/userNonFundingLedgerUpdates.mjs": "9270ad4da468c3399c6fcdcbe60d7f7dfa8e1bb976e122decaf45eb8ef4fa2e4",
    "https://esm.sh/@nktkas/hyperliquid@0.25.8/denonext/esm/src/api/subscription/userTwapHistory.mjs": "a1392977811b9b6e3855e907c43dcdf82150ebadb2b42c09bbf27fb114334353",
    "https://esm.sh/@nktkas/hyperliquid@0.25.8/denonext/esm/src/api/subscription/userTwapSliceFills.mjs": "2c967020cd236a071b50c295cc3d2e0ce843b0f6ec2d39e05e8776e9eba1d095",
    "https://esm.sh/@nktkas/hyperliquid@0.25.8/denonext/esm/src/api/subscription/webData2.mjs": "aba8592b088adbb254f2eb175b7480250356e69abb7287ff01be5f3c56289874",
    "https://esm.sh/@nktkas/hyperliquid@0.25.8/denonext/esm/src/api/subscription/webData3.mjs": "814a2e476b2303d23a8e2a15d0378fd084c90aa959213559c568c82c6f1a6735",
    "https://esm.sh/@nktkas/hyperliquid@0.25.8/denonext/esm/src/utils/_eip712.mjs": "8ed041822d34f89a5ee1052d3d5cda3ca14d47f5e669af13081127d2f5d6191c",
    "https://esm.sh/@nktkas/hyperliquid@0.25.8/denonext/hyperliquid.mjs": "c936e1f26fb0b7504494d83c84f407968d216d8cad02f83a0a7e125e95893ab4",
    "https://esm.sh/@nktkas/hyperliquid@0.25.8/denonext/signing.mjs": "ec652d8f801d6bc580d5cace2e9e20f68e5effd06ffe2d806ee5252b351aa36b",
    "https://esm.sh/@nktkas/hyperliquid@0.25.8/denonext/utils.mjs": "5dd93db1f5d70bf0960d3625d0dc9181368c6dc77b36a258111f0e109dfc6ceb",
    "https://esm.sh/@nktkas/hyperliquid@0.25.8/utils": "367bcac548e65bcff505e4ea91a281bca9bcc69e0db3faf7d62b02536fa58ee1",
    "https://esm.sh/@noble/hashes@2.0.1/denonext/_u64.mjs": "8a759b7294226d3d0a3fa24bc733ffac8ad7a703479c6ee2985b39762939d603",
    "https://esm.sh/@noble/hashes@2.0.1/denonext/sha3.mjs": "278a57fd53a8baf197d1930975322361b17984d9468d079dc4024bcc33b9ab30",
    "https://esm.sh/@noble/hashes@2.0.1/denonext/utils.mjs": "791b6e5af54b7f310e560257a19c8cd7fc267772ef3ec2082563c5f245231fb7",
    "https://esm.sh/@noble/hashes@2.0.1/sha3?target=denonext": "ec76684c650d3e35b2be58acb74dbc9e5fbfab355f239b6c8754e367a86e7956",
    "https://esm.sh/@noble/hashes@2.0.1/utils?target=denonext": "d842a1ef4fe1a77fbe2b332209fc65ddc68c59ec7e8bf3084c7c35017d7ce14f",
    "https://esm.sh/@noble/secp256k1@3.0.0/denonext/secp256k1.mjs": "e842c9b3d602a482f40bcf7d69f98bbd7fe5e20339ddc49309a3a6d38a1e8de2",
    "https://esm.sh/@noble/secp256k1@3.0.0?target=denonext": "2df5bf9904e1a6190f34aac85b21e47f5d4a8c2b32024180bf9c7fb50d954b53",
    "https://esm.sh/typescript-event-target@1.1.1/denonext/typescript-event-target.mjs": "fad26b9a2cc3ac805c3d0766a9c70548afc7e63de006f2d9f37da094336aaa05",
    "https://esm.sh/valibot@1.1.0/denonext/valibot.mjs": "0d42311a8e71abb91726412682846362c58c66f6be8d484f019021a94b4d3ca8"
  },
  "workspace": {
    "packageJson": {
      "dependencies": [
        "npm:@hookform/resolvers@^3.10.0",
        "npm:@nktkas/hyperliquid@latest",
        "npm:@radix-ui/react-accordion@1.2.2",
        "npm:@radix-ui/react-alert-dialog@1.1.4",
        "npm:@radix-ui/react-aspect-ratio@1.1.1",
        "npm:@radix-ui/react-avatar@1.1.2",
        "npm:@radix-ui/react-checkbox@1.1.3",
        "npm:@radix-ui/react-collapsible@1.1.2",
        "npm:@radix-ui/react-context-menu@2.2.4",
        "npm:@radix-ui/react-dialog@1.1.4",
        "npm:@radix-ui/react-dropdown-menu@2.1.4",
        "npm:@radix-ui/react-hover-card@1.1.4",
        "npm:@radix-ui/react-label@2.1.1",
        "npm:@radix-ui/react-menubar@1.1.4",
        "npm:@radix-ui/react-navigation-menu@1.2.3",
        "npm:@radix-ui/react-popover@1.1.4",
        "npm:@radix-ui/react-progress@1.1.1",
        "npm:@radix-ui/react-radio-group@1.2.2",
        "npm:@radix-ui/react-scroll-area@1.2.2",
        "npm:@radix-ui/react-select@2.1.4",
        "npm:@radix-ui/react-separator@1.1.1",
        "npm:@radix-ui/react-slider@1.2.2",
        "npm:@radix-ui/react-slot@1.1.1",
        "npm:@radix-ui/react-switch@1.1.2",
        "npm:@radix-ui/react-tabs@1.1.2",
        "npm:@radix-ui/react-toast@1.2.4",
        "npm:@radix-ui/react-toggle-group@1.1.1",
        "npm:@radix-ui/react-toggle@1.1.1",
        "npm:@radix-ui/react-tooltip@1.1.6",
        "npm:@supabase/ssr@latest",
        "npm:@supabase/supabase-js@latest",
        "npm:@tailwindcss/postcss@^4.1.9",
        "npm:@types/node-cron@^3.0.11",
        "npm:@types/node@22",
        "npm:@types/pg@^8.15.6",
        "npm:@types/react-dom@19",
        "npm:@types/react@19",
        "npm:@vercel/analytics@latest",
        "npm:autoprefixer@^10.4.20",
        "npm:class-variance-authority@~0.7.1",
        "npm:clsx@^2.1.1",
        "npm:cmdk@1.0.4",
        "npm:date-fns@4.1.0",
        "npm:dotenv@^16.4.5",
        "npm:embla-carousel-react@8.5.1",
        "npm:input-otp@1.4.1",
        "npm:lucide-react@0.454",
        "npm:next-themes@~0.4.6",
        "npm:next@16.0.0",
        "npm:node-cron@^3.0.3",
        "npm:pg@^8.16.3",
        "npm:postcss@^8.5.0",
        "npm:react-day-picker@9.8.0",
        "npm:react-dom@19.2.0",
        "npm:react-hook-form@^7.60.0",
        "npm:react-resizable-panels@^2.1.7",
        "npm:react@19.2.0",
        "npm:recharts@latest",
        "npm:sonner@^1.7.4",
        "npm:tailwind-merge@^2.5.5",
        "npm:tailwindcss-animate@^1.0.7",
        "npm:tailwindcss@^4.1.9",
        "npm:tsx@^4.19.2",
        "npm:tw-animate-css@1.3.3",
        "npm:typescript@5",
        "npm:vaul@~0.9.9",
        "npm:viem@^2.21.0",
        "npm:zod@3.25.76"
      ]
    }
  }
}
